// !$*UTF8*$!
{
	archiveVersion = 1;
	classes = {
	};
	objectVersion = 46;
	objects = {

/* Begin PBXBuildFile section */
		0EBA808AC88BF38D4EB9EB71 /* Pods_rainyshinycloudy.framework in Frameworks */ = {isa = PBXBuildFile; fileRef = E794C777961BC263EC29A96F /* Pods_rainyshinycloudy.framework */; };
		4563FB881F3859140033BA4A /* Constants.swift in Sources */ = {isa = PBXBuildFile; fileRef = 4563FB871F3859140033BA4A /* Constants.swift */; };
		4563FB8A1F385C410033BA4A /* CurrentWeather.swift in Sources */ = {isa = PBXBuildFile; fileRef = 4563FB891F385C410033BA4A /* CurrentWeather.swift */; };
		4568586D1F3552A900DFE253 /* AppDelegate.swift in Sources */ = {isa = PBXBuildFile; fileRef = 4568586C1F3552A900DFE253 /* AppDelegate.swift */; };
		4568586F1F3552A900DFE253 /* WeatherVC.swift in Sources */ = {isa = PBXBuildFile; fileRef = 4568586E1F3552A900DFE253 /* WeatherVC.swift */; };
		456858721F3552A900DFE253 /* Main.storyboard in Resources */ = {isa = PBXBuildFile; fileRef = 456858701F3552A900DFE253 /* Main.storyboard */; };
		456858741F3552A900DFE253 /* Assets.xcassets in Resources */ = {isa = PBXBuildFile; fileRef = 456858731F3552A900DFE253 /* Assets.xcassets */; };
		456858771F3552A900DFE253 /* LaunchScreen.storyboard in Resources */ = {isa = PBXBuildFile; fileRef = 456858751F3552A900DFE253 /* LaunchScreen.storyboard */; };
		456858821F3552A900DFE253 /* rainyshinycloudyTests.swift in Sources */ = {isa = PBXBuildFile; fileRef = 456858811F3552A900DFE253 /* rainyshinycloudyTests.swift */; };
		4568588D1F3552A900DFE253 /* rainyshinycloudyUITests.swift in Sources */ = {isa = PBXBuildFile; fileRef = 4568588C1F3552A900DFE253 /* rainyshinycloudyUITests.swift */; };
		45948B4A1F3CDF650019FCB7 /* Forecast.swift in Sources */ = {isa = PBXBuildFile; fileRef = 45948B491F3CDF650019FCB7 /* Forecast.swift */; };
		45948B4C1F3CEAB00019FCB7 /* Utils.swift in Sources */ = {isa = PBXBuildFile; fileRef = 45948B4B1F3CEAB00019FCB7 /* Utils.swift */; };
		45948B4E1F3CF6040019FCB7 /* WeatherCell.swift in Sources */ = {isa = PBXBuildFile; fileRef = 45948B4D1F3CF6040019FCB7 /* WeatherCell.swift */; };
		45948B501F3D01E60019FCB7 /* Location.swift in Sources */ = {isa = PBXBuildFile; fileRef = 45948B4F1F3D01E60019FCB7 /* Location.swift */; };
/* End PBXBuildFile section */

/* Begin PBXContainerItemProxy section */
		4568587E1F3552A900DFE253 /* PBXContainerItemProxy */ = {
			isa = PBXContainerItemProxy;
			containerPortal = 456858611F3552A900DFE253 /* Project object */;
			proxyType = 1;
			remoteGlobalIDString = 456858681F3552A900DFE253;
			remoteInfo = rainyshinycloudy;
		};
		456858891F3552A900DFE253 /* PBXContainerItemProxy */ = {
			isa = PBXContainerItemProxy;
			containerPortal = 456858611F3552A900DFE253 /* Project object */;
			proxyType = 1;
			remoteGlobalIDString = 456858681F3552A900DFE253;
			remoteInfo = rainyshinycloudy;
		};
/* End PBXContainerItemProxy section */

/* Begin PBXFileReference section */
		093510D1D4F8773CFA92C2E5 /* Pods-rainyshinycloudy.debug.xcconfig */ = {isa = PBXFileReference; includeInIndex = 1; lastKnownFileType = text.xcconfig; name = "Pods-rainyshinycloudy.debug.xcconfig"; path = "Pods/Target Support Files/Pods-rainyshinycloudy/Pods-rainyshinycloudy.debug.xcconfig"; sourceTree = "<group>"; };
		4563FB871F3859140033BA4A /* Constants.swift */ = {isa = PBXFileReference; fileEncoding = 4; lastKnownFileType = sourcecode.swift; path = Constants.swift; sourceTree = "<group>"; };
		4563FB891F385C410033BA4A /* CurrentWeather.swift */ = {isa = PBXFileReference; fileEncoding = 4; lastKnownFileType = sourcecode.swift; path = CurrentWeather.swift; sourceTree = "<group>"; };
		456858691F3552A900DFE253 /* rainyshinycloudy.app */ = {isa = PBXFileReference; explicitFileType = wrapper.application; includeInIndex = 0; path = rainyshinycloudy.app; sourceTree = BUILT_PRODUCTS_DIR; };
		4568586C1F3552A900DFE253 /* AppDelegate.swift */ = {isa = PBXFileReference; lastKnownFileType = sourcecode.swift; path = AppDelegate.swift; sourceTree = "<group>"; };
		4568586E1F3552A900DFE253 /* WeatherVC.swift */ = {isa = PBXFileReference; lastKnownFileType = sourcecode.swift; path = WeatherVC.swift; sourceTree = "<group>"; };
		456858711F3552A900DFE253 /* Base */ = {isa = PBXFileReference; lastKnownFileType = file.storyboard; name = Base; path = Base.lproj/Main.storyboard; sourceTree = "<group>"; };
		456858731F3552A900DFE253 /* Assets.xcassets */ = {isa = PBXFileReference; lastKnownFileType = folder.assetcatalog; path = Assets.xcassets; sourceTree = "<group>"; };
		456858761F3552A900DFE253 /* Base */ = {isa = PBXFileReference; lastKnownFileType = file.storyboard; name = Base; path = Base.lproj/LaunchScreen.storyboard; sourceTree = "<group>"; };
		456858781F3552A900DFE253 /* Info.plist */ = {isa = PBXFileReference; lastKnownFileType = text.plist.xml; path = Info.plist; sourceTree = "<group>"; };
		4568587D1F3552A900DFE253 /* rainyshinycloudyTests.xctest */ = {isa = PBXFileReference; explicitFileType = wrapper.cfbundle; includeInIndex = 0; path = rainyshinycloudyTests.xctest; sourceTree = BUILT_PRODUCTS_DIR; };
		456858811F3552A900DFE253 /* rainyshinycloudyTests.swift */ = {isa = PBXFileReference; lastKnownFileType = sourcecode.swift; path = rainyshinycloudyTests.swift; sourceTree = "<group>"; };
		456858831F3552A900DFE253 /* Info.plist */ = {isa = PBXFileReference; lastKnownFileType = text.plist.xml; path = Info.plist; sourceTree = "<group>"; };
		456858881F3552A900DFE253 /* rainyshinycloudyUITests.xctest */ = {isa = PBXFileReference; explicitFileType = wrapper.cfbundle; includeInIndex = 0; path = rainyshinycloudyUITests.xctest; sourceTree = BUILT_PRODUCTS_DIR; };
		4568588C1F3552A900DFE253 /* rainyshinycloudyUITests.swift */ = {isa = PBXFileReference; lastKnownFileType = sourcecode.swift; path = rainyshinycloudyUITests.swift; sourceTree = "<group>"; };
		4568588E1F3552A900DFE253 /* Info.plist */ = {isa = PBXFileReference; lastKnownFileType = text.plist.xml; path = Info.plist; sourceTree = "<group>"; };
		45948B491F3CDF650019FCB7 /* Forecast.swift */ = {isa = PBXFileReference; fileEncoding = 4; lastKnownFileType = sourcecode.swift; path = Forecast.swift; sourceTree = "<group>"; };
		45948B4B1F3CEAB00019FCB7 /* Utils.swift */ = {isa = PBXFileReference; fileEncoding = 4; lastKnownFileType = sourcecode.swift; path = Utils.swift; sourceTree = "<group>"; };
		45948B4D1F3CF6040019FCB7 /* WeatherCell.swift */ = {isa = PBXFileReference; fileEncoding = 4; lastKnownFileType = sourcecode.swift; path = WeatherCell.swift; sourceTree = "<group>"; };
		45948B4F1F3D01E60019FCB7 /* Location.swift */ = {isa = PBXFileReference; fileEncoding = 4; lastKnownFileType = sourcecode.swift; path = Location.swift; sourceTree = "<group>"; };
		82F49B458F53DDAAAC84E3EE /* Pods-rainyshinycloudy.release.xcconfig */ = {isa = PBXFileReference; includeInIndex = 1; lastKnownFileType = text.xcconfig; name = "Pods-rainyshinycloudy.release.xcconfig"; path = "Pods/Target Support Files/Pods-rainyshinycloudy/Pods-rainyshinycloudy.release.xcconfig"; sourceTree = "<group>"; };
		E794C777961BC263EC29A96F /* Pods_rainyshinycloudy.framework */ = {isa = PBXFileReference; explicitFileType = wrapper.framework; includeInIndex = 0; path = Pods_rainyshinycloudy.framework; sourceTree = BUILT_PRODUCTS_DIR; };
/* End PBXFileReference section */

/* Begin PBXFrameworksBuildPhase section */
		456858661F3552A900DFE253 /* Frameworks */ = {
			isa = PBXFrameworksBuildPhase;
			buildActionMask = 2147483647;
			files = (
				0EBA808AC88BF38D4EB9EB71 /* Pods_rainyshinycloudy.framework in Frameworks */,
			);
			runOnlyForDeploymentPostprocessing = 0;
		};
		4568587A1F3552A900DFE253 /* Frameworks */ = {
			isa = PBXFrameworksBuildPhase;
			buildActionMask = 2147483647;
			files = (
			);
			runOnlyForDeploymentPostprocessing = 0;
		};
		456858851F3552A900DFE253 /* Frameworks */ = {
			isa = PBXFrameworksBuildPhase;
			buildActionMask = 2147483647;
			files = (
			);
			runOnlyForDeploymentPostprocessing = 0;
		};
/* End PBXFrameworksBuildPhase section */

/* Begin PBXGroup section */
		067592DB6C486ED3F3E13389 /* Frameworks */ = {
			isa = PBXGroup;
			children = (
				E794C777961BC263EC29A96F /* Pods_rainyshinycloudy.framework */,
			);
			name = Frameworks;
			sourceTree = "<group>";
		};
		456858601F3552A900DFE253 = {
			isa = PBXGroup;
			children = (
				4568586B1F3552A900DFE253 /* rainyshinycloudy */,
				456858801F3552A900DFE253 /* rainyshinycloudyTests */,
				4568588B1F3552A900DFE253 /* rainyshinycloudyUITests */,
				4568586A1F3552A900DFE253 /* Products */,
				4E34EFBAD58E27A4DCA92E8E /* Pods */,
				067592DB6C486ED3F3E13389 /* Frameworks */,
			);
			sourceTree = "<group>";
		};
		4568586A1F3552A900DFE253 /* Products */ = {
			isa = PBXGroup;
			children = (
				456858691F3552A900DFE253 /* rainyshinycloudy.app */,
				4568587D1F3552A900DFE253 /* rainyshinycloudyTests.xctest */,
				456858881F3552A900DFE253 /* rainyshinycloudyUITests.xctest */,
			);
			name = Products;
			sourceTree = "<group>";
		};
		4568586B1F3552A900DFE253 /* rainyshinycloudy */ = {
			isa = PBXGroup;
			children = (
				4568586C1F3552A900DFE253 /* AppDelegate.swift */,
				4568586E1F3552A900DFE253 /* WeatherVC.swift */,
				456858701F3552A900DFE253 /* Main.storyboard */,
				456858731F3552A900DFE253 /* Assets.xcassets */,
				456858751F3552A900DFE253 /* LaunchScreen.storyboard */,
				456858781F3552A900DFE253 /* Info.plist */,
				4563FB871F3859140033BA4A /* Constants.swift */,
				4563FB891F385C410033BA4A /* CurrentWeather.swift */,
				45948B491F3CDF650019FCB7 /* Forecast.swift */,
				45948B4B1F3CEAB00019FCB7 /* Utils.swift */,
				45948B4D1F3CF6040019FCB7 /* WeatherCell.swift */,
				45948B4F1F3D01E60019FCB7 /* Location.swift */,
			);
			path = rainyshinycloudy;
			sourceTree = "<group>";
		};
		456858801F3552A900DFE253 /* rainyshinycloudyTests */ = {
			isa = PBXGroup;
			children = (
				456858811F3552A900DFE253 /* rainyshinycloudyTests.swift */,
				456858831F3552A900DFE253 /* Info.plist */,
			);
			path = rainyshinycloudyTests;
			sourceTree = "<group>";
		};
		4568588B1F3552A900DFE253 /* rainyshinycloudyUITests */ = {
			isa = PBXGroup;
			children = (
				4568588C1F3552A900DFE253 /* rainyshinycloudyUITests.swift */,
				4568588E1F3552A900DFE253 /* Info.plist */,
			);
			path = rainyshinycloudyUITests;
			sourceTree = "<group>";
		};
		4E34EFBAD58E27A4DCA92E8E /* Pods */ = {
			isa = PBXGroup;
			children = (
				093510D1D4F8773CFA92C2E5 /* Pods-rainyshinycloudy.debug.xcconfig */,
				82F49B458F53DDAAAC84E3EE /* Pods-rainyshinycloudy.release.xcconfig */,
			);
			name = Pods;
			sourceTree = "<group>";
		};
/* End PBXGroup section */

/* Begin PBXNativeTarget section */
		456858681F3552A900DFE253 /* rainyshinycloudy */ = {
			isa = PBXNativeTarget;
			buildConfigurationList = 456858911F3552A900DFE253 /* Build configuration list for PBXNativeTarget "rainyshinycloudy" */;
			buildPhases = (
				D8120A620EDA48FE840FAEE5 /* [CP] Check Pods Manifest.lock */,
				456858651F3552A900DFE253 /* Sources */,
				456858661F3552A900DFE253 /* Frameworks */,
				456858671F3552A900DFE253 /* Resources */,
				A33648474B482E924BEF70B3 /* [CP] Embed Pods Frameworks */,
				9DDB84829DAAF85CCEC356C3 /* [CP] Copy Pods Resources */,
			);
			buildRules = (
			);
			dependencies = (
			);
			name = rainyshinycloudy;
			productName = rainyshinycloudy;
			productReference = 456858691F3552A900DFE253 /* rainyshinycloudy.app */;
			productType = "com.apple.product-type.application";
		};
		4568587C1F3552A900DFE253 /* rainyshinycloudyTests */ = {
			isa = PBXNativeTarget;
			buildConfigurationList = 456858941F3552A900DFE253 /* Build configuration list for PBXNativeTarget "rainyshinycloudyTests" */;
			buildPhases = (
				456858791F3552A900DFE253 /* Sources */,
				4568587A1F3552A900DFE253 /* Frameworks */,
				4568587B1F3552A900DFE253 /* Resources */,
			);
			buildRules = (
			);
			dependencies = (
				4568587F1F3552A900DFE253 /* PBXTargetDependency */,
			);
			name = rainyshinycloudyTests;
			productName = rainyshinycloudyTests;
			productReference = 4568587D1F3552A900DFE253 /* rainyshinycloudyTests.xctest */;
			productType = "com.apple.product-type.bundle.unit-test";
		};
		456858871F3552A900DFE253 /* rainyshinycloudyUITests */ = {
			isa = PBXNativeTarget;
			buildConfigurationList = 456858971F3552A900DFE253 /* Build configuration list for PBXNativeTarget "rainyshinycloudyUITests" */;
			buildPhases = (
				456858841F3552A900DFE253 /* Sources */,
				456858851F3552A900DFE253 /* Frameworks */,
				456858861F3552A900DFE253 /* Resources */,
			);
			buildRules = (
			);
			dependencies = (
				4568588A1F3552A900DFE253 /* PBXTargetDependency */,
			);
			name = rainyshinycloudyUITests;
			productName = rainyshinycloudyUITests;
			productReference = 456858881F3552A900DFE253 /* rainyshinycloudyUITests.xctest */;
			productType = "com.apple.product-type.bundle.ui-testing";
		};
/* End PBXNativeTarget section */

/* Begin PBXProject section */
		456858611F3552A900DFE253 /* Project object */ = {
			isa = PBXProject;
			attributes = {
				LastSwiftUpdateCheck = 0830;
				LastUpgradeCheck = 0830;
				ORGANIZATIONNAME = rquispe;
				TargetAttributes = {
					456858681F3552A900DFE253 = {
						CreatedOnToolsVersion = 8.3.3;
						DevelopmentTeam = AE47H99V7T;
						ProvisioningStyle = Automatic;
					};
					4568587C1F3552A900DFE253 = {
						CreatedOnToolsVersion = 8.3.3;
						DevelopmentTeam = AE47H99V7T;
						ProvisioningStyle = Automatic;
						TestTargetID = 456858681F3552A900DFE253;
					};
					456858871F3552A900DFE253 = {
						CreatedOnToolsVersion = 8.3.3;
						DevelopmentTeam = AE47H99V7T;
						ProvisioningStyle = Automatic;
						TestTargetID = 456858681F3552A900DFE253;
					};
				};
			};
			buildConfigurationList = 456858641F3552A900DFE253 /* Build configuration list for PBXProject "rainyshinycloudy" */;
			compatibilityVersion = "Xcode 3.2";
			developmentRegion = English;
			hasScannedForEncodings = 0;
			knownRegions = (
				en,
				Base,
			);
			mainGroup = 456858601F3552A900DFE253;
			productRefGroup = 4568586A1F3552A900DFE253 /* Products */;
			projectDirPath = "";
			projectRoot = "";
			targets = (
				456858681F3552A900DFE253 /* rainyshinycloudy */,
				4568587C1F3552A900DFE253 /* rainyshinycloudyTests */,
				456858871F3552A900DFE253 /* rainyshinycloudyUITests */,
			);
		};
/* End PBXProject section */

/* Begin PBXResourcesBuildPhase section */
		456858671F3552A900DFE253 /* Resources */ = {
			isa = PBXResourcesBuildPhase;
			buildActionMask = 2147483647;
			files = (
				456858771F3552A900DFE253 /* LaunchScreen.storyboard in Resources */,
				456858741F3552A900DFE253 /* Assets.xcassets in Resources */,
				456858721F3552A900DFE253 /* Main.storyboard in Resources */,
			);
			runOnlyForDeploymentPostprocessing = 0;
		};
		4568587B1F3552A900DFE253 /* Resources */ = {
			isa = PBXResourcesBuildPhase;
			buildActionMask = 2147483647;
			files = (
			);
			runOnlyForDeploymentPostprocessing = 0;
		};
		456858861F3552A900DFE253 /* Resources */ = {
			isa = PBXResourcesBuildPhase;
			buildActionMask = 2147483647;
			files = (
			);
			runOnlyForDeploymentPostprocessing = 0;
		};
/* End PBXResourcesBuildPhase section */

/* Begin PBXShellScriptBuildPhase section */
		9DDB84829DAAF85CCEC356C3 /* [CP] Copy Pods Resources */ = {
			isa = PBXShellScriptBuildPhase;
			buildActionMask = 2147483647;
			files = (
			);
			inputPaths = (
			);
			name = "[CP] Copy Pods Resources";
			outputPaths = (
			);
			runOnlyForDeploymentPostprocessing = 0;
			shellPath = /bin/sh;
			shellScript = "\"${SRCROOT}/Pods/Target Support Files/Pods-rainyshinycloudy/Pods-rainyshinycloudy-resources.sh\"\n";
			showEnvVarsInLog = 0;
		};
		A33648474B482E924BEF70B3 /* [CP] Embed Pods Frameworks */ = {
			isa = PBXShellScriptBuildPhase;
			buildActionMask = 2147483647;
			files = (
			);
			inputPaths = (
				"${SRCROOT}/Pods/Target Support Files/Pods-rainyshinycloudy/Pods-rainyshinycloudy-frameworks.sh",
				"${BUILT_PRODUCTS_DIR}/Alamofire/Alamofire.framework",
			);
			name = "[CP] Embed Pods Frameworks";
			outputPaths = (
				"${TARGET_BUILD_DIR}/${FRAMEWORKS_FOLDER_PATH}/Alamofire.framework",
			);
			runOnlyForDeploymentPostprocessing = 0;
			shellPath = /bin/sh;
			shellScript = "\"${SRCROOT}/Pods/Target Support Files/Pods-rainyshinycloudy/Pods-rainyshinycloudy-frameworks.sh\"\n";
			showEnvVarsInLog = 0;
		};
		D8120A620EDA48FE840FAEE5 /* [CP] Check Pods Manifest.lock */ = {
			isa = PBXShellScriptBuildPhase;
			buildActionMask = 2147483647;
			files = (
			);
			inputPaths = (
				"${PODS_PODFILE_DIR_PATH}/Podfile.lock",
				"${PODS_ROOT}/Manifest.lock",
			);
			name = "[CP] Check Pods Manifest.lock";
			outputPaths = (
				"$(DERIVED_FILE_DIR)/Pods-rainyshinycloudy-checkManifestLockResult.txt",
			);
			runOnlyForDeploymentPostprocessing = 0;
			shellPath = /bin/sh;
			shellScript = "diff \"${PODS_PODFILE_DIR_PATH}/Podfile.lock\" \"${PODS_ROOT}/Manifest.lock\" > /dev/null\nif [ $? != 0 ] ; then\n    # print error to STDERR\n    echo \"error: The sandbox is not in sync with the Podfile.lock. Run 'pod install' or update your CocoaPods installation.\" >&2\n    exit 1\nfi\n# This output is used by Xcode 'outputs' to avoid re-running this script phase.\necho \"SUCCESS\" > \"${SCRIPT_OUTPUT_FILE_0}\"\n";
			showEnvVarsInLog = 0;
		};
/* End PBXShellScriptBuildPhase section */

/* Begin PBXSourcesBuildPhase section */
		456858651F3552A900DFE253 /* Sources */ = {
			isa = PBXSourcesBuildPhase;
			buildActionMask = 2147483647;
			files = (
				4568586F1F3552A900DFE253 /* WeatherVC.swift in Sources */,
				4568586D1F3552A900DFE253 /* AppDelegate.swift in Sources */,
				45948B501F3D01E60019FCB7 /* Location.swift in Sources */,
				4563FB8A1F385C410033BA4A /* CurrentWeather.swift in Sources */,
				4563FB881F3859140033BA4A /* Constants.swift in Sources */,
				45948B4A1F3CDF650019FCB7 /* Forecast.swift in Sources */,
				45948B4C1F3CEAB00019FCB7 /* Utils.swift in Sources */,
				45948B4E1F3CF6040019FCB7 /* WeatherCell.swift in Sources */,
			);
			runOnlyForDeploymentPostprocessing = 0;
		};
		456858791F3552A900DFE253 /* Sources */ = {
			isa = PBXSourcesBuildPhase;
			buildActionMask = 2147483647;
			files = (
				456858821F3552A900DFE253 /* rainyshinycloudyTests.swift in Sources */,
			);
			runOnlyForDeploymentPostprocessing = 0;
		};
		456858841F3552A900DFE253 /* Sources */ = {
			isa = PBXSourcesBuildPhase;
			buildActionMask = 2147483647;
			files = (
				4568588D1F3552A900DFE253 /* rainyshinycloudyUITests.swift in Sources */,
			);
			runOnlyForDeploymentPostprocessing = 0;
		};
/* End PBXSourcesBuildPhase section */

/* Begin PBXTargetDependency section */
		4568587F1F3552A900DFE253 /* PBXTargetDependency */ = {
			isa = PBXTargetDependency;
			target = 456858681F3552A900DFE253 /* rainyshinycloudy */;
			targetProxy = 4568587E1F3552A900DFE253 /* PBXContainerItemProxy */;
		};
		4568588A1F3552A900DFE253 /* PBXTargetDependency */ = {
			isa = PBXTargetDependency;
			target = 456858681F3552A900DFE253 /* rainyshinycloudy */;
			targetProxy = 456858891F3552A900DFE253 /* PBXContainerItemProxy */;
		};
/* End PBXTargetDependency section */

/* Begin PBXVariantGroup section */
		456858701F3552A900DFE253 /* Main.storyboard */ = {
			isa = PBXVariantGroup;
			children = (
				456858711F3552A900DFE253 /* Base */,
			);
			name = Main.storyboard;
			sourceTree = "<group>";
		};
		456858751F3552A900DFE253 /* LaunchScreen.storyboard */ = {
			isa = PBXVariantGroup;
			children = (
				456858761F3552A900DFE253 /* Base */,
			);
			name = LaunchScreen.storyboard;
			sourceTree = "<group>";
		};
/* End PBXVariantGroup section */

/* Begin XCBuildConfiguration section */
		4568588F1F3552A900DFE253 /* Debug */ = {
			isa = XCBuildConfiguration;
			buildSettings = {
				ALWAYS_SEARCH_USER_PATHS = NO;
				CLANG_ANALYZER_NONNULL = YES;
				CLANG_ANALYZER_NUMBER_OBJECT_CONVERSION = YES_AGGRESSIVE;
				CLANG_CXX_LANGUAGE_STANDARD = "gnu++0x";
				CLANG_CXX_LIBRARY = "libc++";
				CLANG_ENABLE_MODULES = YES;
				CLANG_ENABLE_OBJC_ARC = YES;
				CLANG_WARN_BOOL_CONVERSION = YES;
				CLANG_WARN_CONSTANT_CONVERSION = YES;
				CLANG_WARN_DIRECT_OBJC_ISA_USAGE = YES_ERROR;
				CLANG_WARN_DOCUMENTATION_COMMENTS = YES;
				CLANG_WARN_EMPTY_BODY = YES;
				CLANG_WARN_ENUM_CONVERSION = YES;
				CLANG_WARN_INFINITE_RECURSION = YES;
				CLANG_WARN_INT_CONVERSION = YES;
				CLANG_WARN_OBJC_ROOT_CLASS = YES_ERROR;
				CLANG_WARN_SUSPICIOUS_MOVE = YES;
				CLANG_WARN_UNREACHABLE_CODE = YES;
				CLANG_WARN__DUPLICATE_METHOD_MATCH = YES;
				"CODE_SIGN_IDENTITY[sdk=iphoneos*]" = "iPhone Developer";
				COPY_PHASE_STRIP = NO;
				DEBUG_INFORMATION_FORMAT = dwarf;
				ENABLE_STRICT_OBJC_MSGSEND = YES;
				ENABLE_TESTABILITY = YES;
				GCC_C_LANGUAGE_STANDARD = gnu99;
				GCC_DYNAMIC_NO_PIC = NO;
				GCC_NO_COMMON_BLOCKS = YES;
				GCC_OPTIMIZATION_LEVEL = 0;
				GCC_PREPROCESSOR_DEFINITIONS = (
					"DEBUG=1",
					"$(inherited)",
				);
				GCC_WARN_64_TO_32_BIT_CONVERSION = YES;
				GCC_WARN_ABOUT_RETURN_TYPE = YES_ERROR;
				GCC_WARN_UNDECLARED_SELECTOR = YES;
				GCC_WARN_UNINITIALIZED_AUTOS = YES_AGGRESSIVE;
				GCC_WARN_UNUSED_FUNCTION = YES;
				GCC_WARN_UNUSED_VARIABLE = YES;
				IPHONEOS_DEPLOYMENT_TARGET = 10.3;
				MTL_ENABLE_DEBUG_INFO = YES;
				ONLY_ACTIVE_ARCH = YES;
				SDKROOT = iphoneos;
				SWIFT_ACTIVE_COMPILATION_CONDITIONS = DEBUG;
				SWIFT_OPTIMIZATION_LEVEL = "-Onone";
			};
			name = Debug;
		};
		456858901F3552A900DFE253 /* Release */ = {
			isa = XCBuildConfiguration;
			buildSettings = {
				ALWAYS_SEARCH_USER_PATHS = NO;
				CLANG_ANALYZER_NONNULL = YES;
				CLANG_ANALYZER_NUMBER_OBJECT_CONVERSION = YES_AGGRESSIVE;
				CLANG_CXX_LANGUAGE_STANDARD = "gnu++0x";
				CLANG_CXX_LIBRARY = "libc++";
				CLANG_ENABLE_MODULES = YES;
				CLANG_ENABLE_OBJC_ARC = YES;
				CLANG_WARN_BOOL_CONVERSION = YES;
				CLANG_WARN_CONSTANT_CONVERSION = YES;
				CLANG_WARN_DIRECT_OBJC_ISA_USAGE = YES_ERROR;
				CLANG_WARN_DOCUMENTATION_COMMENTS = YES;
				CLANG_WARN_EMPTY_BODY = YES;
				CLANG_WARN_ENUM_CONVERSION = YES;
				CLANG_WARN_INFINITE_RECURSION = YES;
				CLANG_WARN_INT_CONVERSION = YES;
				CLANG_WARN_OBJC_ROOT_CLASS = YES_ERROR;
				CLANG_WARN_SUSPICIOUS_MOVE = YES;
				CLANG_WARN_UNREACHABLE_CODE = YES;
				CLANG_WARN__DUPLICATE_METHOD_MATCH = YES;
				"CODE_SIGN_IDENTITY[sdk=iphoneos*]" = "iPhone Developer";
				COPY_PHASE_STRIP = NO;
				DEBUG_INFORMATION_FORMAT = "dwarf-with-dsym";
				ENABLE_NS_ASSERTIONS = NO;
				ENABLE_STRICT_OBJC_MSGSEND = YES;
				GCC_C_LANGUAGE_STANDARD = gnu99;
				GCC_NO_COMMON_BLOCKS = YES;
				GCC_WARN_64_TO_32_BIT_CONVERSION = YES;
				GCC_WARN_ABOUT_RETURN_TYPE = YES_ERROR;
				GCC_WARN_UNDECLARED_SELECTOR = YES;
				GCC_WARN_UNINITIALIZED_AUTOS = YES_AGGRESSIVE;
				GCC_WARN_UNUSED_FUNCTION = YES;
				GCC_WARN_UNUSED_VARIABLE = YES;
				IPHONEOS_DEPLOYMENT_TARGET = 10.3;
				MTL_ENABLE_DEBUG_INFO = NO;
				SDKROOT = iphoneos;
				SWIFT_OPTIMIZATION_LEVEL = "-Owholemodule";
				VALIDATE_PRODUCT = YES;
			};
			name = Release;
		};
		456858921F3552A900DFE253 /* Debug */ = {
			isa = XCBuildConfiguration;
			baseConfigurationReference = 093510D1D4F8773CFA92C2E5 /* Pods-rainyshinycloudy.debug.xcconfig */;
			buildSettings = {
				ASSETCATALOG_COMPILER_APPICON_NAME = AppIcon;
				DEVELOPMENT_TEAM = AE47H99V7T;
				INFOPLIST_FILE = rainyshinycloudy/Info.plist;
				LD_RUNPATH_SEARCH_PATHS = "$(inherited) @executable_path/Frameworks";
				PRODUCT_BUNDLE_IDENTIFIER = com.rquispe.rainyshinycloudy;
				PRODUCT_NAME = "$(TARGET_NAME)";
				SWIFT_VERSION = 3.0;
			};
			name = Debug;
		};
		456858931F3552A900DFE253 /* Release */ = {
			isa = XCBuildConfiguration;
			baseConfigurationReference = 82F49B458F53DDAAAC84E3EE /* Pods-rainyshinycloudy.release.xcconfig */;
			buildSettings = {
				ASSETCATALOG_COMPILER_APPICON_NAME = AppIcon;
				DEVELOPMENT_TEAM = AE47H99V7T;
				INFOPLIST_FILE = rainyshinycloudy/Info.plist;
				LD_RUNPATH_SEARCH_PATHS = "$(inherited) @executable_path/Frameworks";
				PRODUCT_BUNDLE_IDENTIFIER = com.rquispe.rainyshinycloudy;
				PRODUCT_NAME = "$(TARGET_NAME)";
				SWIFT_VERSION = 3.0;
			};
			name = Release;
		};
		456858951F3552A900DFE253 /* Debug */ = {
			isa = XCBuildConfiguration;
			buildSettings = {
				ALWAYS_EMBED_SWIFT_STANDARD_LIBRARIES = YES;
				BUNDLE_LOADER = "$(TEST_HOST)";
				DEVELOPMENT_TEAM = AE47H99V7T;
				INFOPLIST_FILE = rainyshinycloudyTests/Info.plist;
				LD_RUNPATH_SEARCH_PATHS = "$(inherited) @executable_path/Frameworks @loader_path/Frameworks";
				PRODUCT_BUNDLE_IDENTIFIER = com.rquispe.rainyshinycloudyTests;
				PRODUCT_NAME = "$(TARGET_NAME)";
				SWIFT_VERSION = 3.0;
				TEST_HOST = "$(BUILT_PRODUCTS_DIR)/rainyshinycloudy.app/rainyshinycloudy";
			};
			name = Debug;
		};
		456858961F3552A900DFE253 /* Release */ = {
			isa = XCBuildConfiguration;
			buildSettings = {
				ALWAYS_EMBED_SWIFT_STANDARD_LIBRARIES = YES;
				BUNDLE_LOADER = "$(TEST_HOST)";
				DEVELOPMENT_TEAM = AE47H99V7T;
				INFOPLIST_FILE = rainyshinycloudyTests/Info.plist;
				LD_RUNPATH_SEARCH_PATHS = "$(inherited) @executable_path/Frameworks @loader_path/Frameworks";
				PRODUCT_BUNDLE_IDENTIFIER = com.rquispe.rainyshinycloudyTests;
				PRODUCT_NAME = "$(TARGET_NAME)";
				SWIFT_VERSION = 3.0;
				TEST_HOST = "$(BUILT_PRODUCTS_DIR)/rainyshinycloudy.app/rainyshinycloudy";
			};
			name = Release;
		};
		456858981F3552A900DFE253 /* Debug */ = {
			isa = XCBuildConfiguration;
			buildSettings = {
				ALWAYS_EMBED_SWIFT_STANDARD_LIBRARIES = YES;
				DEVELOPMENT_TEAM = AE47H99V7T;
				INFOPLIST_FILE = rainyshinycloudyUITests/Info.plist;
				LD_RUNPATH_SEARCH_PATHS = "$(inherited) @executable_path/Frameworks @loader_path/Frameworks";
				PRODUCT_BUNDLE_IDENTIFIER = com.rquispe.rainyshinycloudyUITests;
				PRODUCT_NAME = "$(TARGET_NAME)";
				SWIFT_VERSION = 3.0;
				TEST_TARGET_NAME = rainyshinycloudy;
			};
			name = Debug;
		};
		456858991F3552A900DFE253 /* Release */ = {
			isa = XCBuildConfiguration;
			buildSettings = {
				ALWAYS_EMBED_SWIFT_STANDARD_LIBRARIES = YES;
				DEVELOPMENT_TEAM = AE47H99V7T;
				INFOPLIST_FILE = rainyshinycloudyUITests/Info.plist;
				LD_RUNPATH_SEARCH_PATHS = "$(inherited) @executable_path/Frameworks @loader_path/Frameworks";
				PRODUCT_BUNDLE_IDENTIFIER = com.rquispe.rainyshinycloudyUITests;
				PRODUCT_NAME = "$(TARGET_NAME)";
				SWIFT_VERSION = 3.0;
				TEST_TARGET_NAME = rainyshinycloudy;
			};
			name = Release;
		};
/* End XCBuildConfiguration section */

/* Begin XCConfigurationList section */
		456858641F3552A900DFE253 /* Build configuration list for PBXProject "rainyshinycloudy" */ = {
			isa = XCConfigurationList;
			buildConfigurations = (
				4568588F1F3552A900DFE253 /* Debug */,
				456858901F3552A900DFE253 /* Release */,
			);
			defaultConfigurationIsVisible = 0;
			defaultConfigurationName = Release;
		};
		456858911F3552A900DFE253 /* Build configuration list for PBXNativeTarget "rainyshinycloudy" */ = {
			isa = XCConfigurationList;
			buildConfigurations = (
				456858921F3552A900DFE253 /* Debug */,
				456858931F3552A900DFE253 /* Release */,
			);
			defaultConfigurationIsVisible = 0;
			defaultConfigurationName = Release;
		};
		456858941F3552A900DFE253 /* Build configuration list for PBXNativeTarget "rainyshinycloudyTests" */ = {
			isa = XCConfigurationList;
			buildConfigurations = (
				456858951F3552A900DFE253 /* Debug */,
				456858961F3552A900DFE253 /* Release */,
			);
			defaultConfigurationIsVisible = 0;
			defaultConfigurationName = Release;
		};
		456858971F3552A900DFE253 /* Build configuration list for PBXNativeTarget "rainyshinycloudyUITests" */ = {
			isa = XCConfigurationList;
			buildConfigurations = (
				456858981F3552A900DFE253 /* Debug */,
				456858991F3552A900DFE253 /* Release */,
			);
			defaultConfigurationIsVisible = 0;
			defaultConfigurationName = Release;
		};
/* End XCConfigurationList section */
	};
	rootObject = 456858611F3552A900DFE253 /* Project object */;
}
